// !$*UTF8*$!
{
	archiveVersion = 1;
	classes = {
	};
	objectVersion = 50;
	objects = {

/* Begin PBXBuildFile section */
		F78D81DC25B00A2C00817D82 /* main.m in Sources */ = {isa = PBXBuildFile; fileRef = F78D81DB25B00A2C00817D82 /* main.m */; };
		F78D81E625B00A2C00817D82 /* MyToolsTests.m in Sources */ = {isa = PBXBuildFile; fileRef = F78D81E525B00A2C00817D82 /* MyToolsTests.m */; };
		F78D81F125B00A2C00817D82 /* MyToolsUITests.m in Sources */ = {isa = PBXBuildFile; fileRef = F78D81F025B00A2C00817D82 /* MyToolsUITests.m */; };
/* End PBXBuildFile section */

/* Begin PBXContainerItemProxy section */
		F78D81E225B00A2C00817D82 /* PBXContainerItemProxy */ = {
			isa = PBXContainerItemProxy;
			containerPortal = F78D81BE25B00A1400817D82 /* Project object */;
			proxyType = 1;
			remoteGlobalIDString = F78D81C525B00A1500817D82;
			remoteInfo = MyTools;
		};
		F78D81ED25B00A2C00817D82 /* PBXContainerItemProxy */ = {
			isa = PBXContainerItemProxy;
			containerPortal = F78D81BE25B00A1400817D82 /* Project object */;
			proxyType = 1;
			remoteGlobalIDString = F78D81C525B00A1500817D82;
			remoteInfo = MyTools;
		};
/* End PBXContainerItemProxy section */

/* Begin PBXFileReference section */
		F78D81C625B00A1500817D82 /* MyTools.app */ = {isa = PBXFileReference; explicitFileType = wrapper.application; includeInIndex = 0; path = MyTools.app; sourceTree = BUILT_PRODUCTS_DIR; };
		F78D81DA25B00A2C00817D82 /* Info.plist */ = {isa = PBXFileReference; lastKnownFileType = text.plist.xml; path = Info.plist; sourceTree = "<group>"; };
		F78D81DB25B00A2C00817D82 /* main.m */ = {isa = PBXFileReference; lastKnownFileType = sourcecode.c.objc; path = main.m; sourceTree = "<group>"; };
		F78D81E125B00A2C00817D82 /* MyToolsTests.xctest */ = {isa = PBXFileReference; explicitFileType = wrapper.cfbundle; includeInIndex = 0; path = MyToolsTests.xctest; sourceTree = BUILT_PRODUCTS_DIR; };
		F78D81E525B00A2C00817D82 /* MyToolsTests.m */ = {isa = PBXFileReference; lastKnownFileType = sourcecode.c.objc; path = MyToolsTests.m; sourceTree = "<group>"; };
		F78D81E725B00A2C00817D82 /* Info.plist */ = {isa = PBXFileReference; lastKnownFileType = text.plist.xml; path = Info.plist; sourceTree = "<group>"; };
		F78D81EC25B00A2C00817D82 /* MyToolsUITests.xctest */ = {isa = PBXFileReference; explicitFileType = wrapper.cfbundle; includeInIndex = 0; path = MyToolsUITests.xctest; sourceTree = BUILT_PRODUCTS_DIR; };
		F78D81F025B00A2C00817D82 /* MyToolsUITests.m */ = {isa = PBXFileReference; lastKnownFileType = sourcecode.c.objc; path = MyToolsUITests.m; sourceTree = "<group>"; };
		F78D81F225B00A2C00817D82 /* Info.plist */ = {isa = PBXFileReference; lastKnownFileType = text.plist.xml; path = Info.plist; sourceTree = "<group>"; };
/* End PBXFileReference section */

/* Begin PBXFrameworksBuildPhase section */
		F78D81C325B00A1500817D82 /* Frameworks */ = {
			isa = PBXFrameworksBuildPhase;
			buildActionMask = 2147483647;
			files = (
			);
			runOnlyForDeploymentPostprocessing = 0;
		};
		F78D81DE25B00A2C00817D82 /* Frameworks */ = {
			isa = PBXFrameworksBuildPhase;
			buildActionMask = 2147483647;
			files = (
			);
			runOnlyForDeploymentPostprocessing = 0;
		};
		F78D81E925B00A2C00817D82 /* Frameworks */ = {
			isa = PBXFrameworksBuildPhase;
			buildActionMask = 2147483647;
			files = (
			);
			runOnlyForDeploymentPostprocessing = 0;
		};
/* End PBXFrameworksBuildPhase section */

/* Begin PBXGroup section */
		F78D81BD25B00A1400817D82 = {
			isa = PBXGroup;
			children = (
				F78D81C825B00A1500817D82 /* MyTools */,
				F78D81E425B00A2C00817D82 /* MyToolsTests */,
				F78D81EF25B00A2C00817D82 /* MyToolsUITests */,
				F78D81C725B00A1500817D82 /* Products */,
			);
			sourceTree = "<group>";
		};
		F78D81C725B00A1500817D82 /* Products */ = {
			isa = PBXGroup;
			children = (
				F78D81C625B00A1500817D82 /* MyTools.app */,
				F78D81E125B00A2C00817D82 /* MyToolsTests.xctest */,
				F78D81EC25B00A2C00817D82 /* MyToolsUITests.xctest */,
			);
			name = Products;
			sourceTree = "<group>";
		};
		F78D81C825B00A1500817D82 /* MyTools */ = {
			isa = PBXGroup;
			children = (
				F78D81DA25B00A2C00817D82 /* Info.plist */,
				F78D81DB25B00A2C00817D82 /* main.m */,
			);
			path = MyTools;
			sourceTree = "<group>";
		};
		F78D81E425B00A2C00817D82 /* MyToolsTests */ = {
			isa = PBXGroup;
			children = (
				F78D81E525B00A2C00817D82 /* MyToolsTests.m */,
				F78D81E725B00A2C00817D82 /* Info.plist */,
			);
			path = MyToolsTests;
			sourceTree = "<group>";
		};
		F78D81EF25B00A2C00817D82 /* MyToolsUITests */ = {
			isa = PBXGroup;
			children = (
				F78D81F025B00A2C00817D82 /* MyToolsUITests.m */,
				F78D81F225B00A2C00817D82 /* Info.plist */,
			);
			path = MyToolsUITests;
			sourceTree = "<group>";
		};
/* End PBXGroup section */

/* Begin PBXNativeTarget section */
		F78D81C525B00A1500817D82 /* MyTools */ = {
			isa = PBXNativeTarget;
			buildConfigurationList = F78D81F525B00A2C00817D82 /* Build configuration list for PBXNativeTarget "MyTools" */;
			buildPhases = (
				F78D81C225B00A1500817D82 /* Sources */,
				F78D81C325B00A1500817D82 /* Frameworks */,
				F78D81C425B00A1500817D82 /* Resources */,
			);
			buildRules = (
			);
			dependencies = (
			);
			name = MyTools;
			productName = MyTools;
			productReference = F78D81C625B00A1500817D82 /* MyTools.app */;
			productType = "com.apple.product-type.application";
		};
		F78D81E025B00A2C00817D82 /* MyToolsTests */ = {
			isa = PBXNativeTarget;
			buildConfigurationList = F78D81F825B00A2C00817D82 /* Build configuration list for PBXNativeTarget "MyToolsTests" */;
			buildPhases = (
				F78D81DD25B00A2C00817D82 /* Sources */,
				F78D81DE25B00A2C00817D82 /* Frameworks */,
				F78D81DF25B00A2C00817D82 /* Resources */,
			);
			buildRules = (
			);
			dependencies = (
				F78D81E325B00A2C00817D82 /* PBXTargetDependency */,
			);
			name = MyToolsTests;
			productName = MyToolsTests;
			productReference = F78D81E125B00A2C00817D82 /* MyToolsTests.xctest */;
			productType = "com.apple.product-type.bundle.unit-test";
		};
		F78D81EB25B00A2C00817D82 /* MyToolsUITests */ = {
			isa = PBXNativeTarget;
			buildConfigurationList = F78D81FB25B00A2C00817D82 /* Build configuration list for PBXNativeTarget "MyToolsUITests" */;
			buildPhases = (
				F78D81E825B00A2C00817D82 /* Sources */,
				F78D81E925B00A2C00817D82 /* Frameworks */,
				F78D81EA25B00A2C00817D82 /* Resources */,
			);
			buildRules = (
			);
			dependencies = (
				F78D81EE25B00A2C00817D82 /* PBXTargetDependency */,
			);
			name = MyToolsUITests;
			productName = MyToolsUITests;
			productReference = F78D81EC25B00A2C00817D82 /* MyToolsUITests.xctest */;
			productType = "com.apple.product-type.bundle.ui-testing";
		};
/* End PBXNativeTarget section */

/* Begin PBXProject section */
		F78D81BE25B00A1400817D82 /* Project object */ = {
			isa = PBXProject;
			attributes = {
				LastUpgradeCheck = 1230;
				TargetAttributes = {
					F78D81C525B00A1500817D82 = {
						CreatedOnToolsVersion = 12.3;
					};
					F78D81E025B00A2C00817D82 = {
						CreatedOnToolsVersion = 12.3;
						TestTargetID = F78D81C525B00A1500817D82;
					};
					F78D81EB25B00A2C00817D82 = {
						CreatedOnToolsVersion = 12.3;
						TestTargetID = F78D81C525B00A1500817D82;
					};
				};
			};
			buildConfigurationList = F78D81C125B00A1400817D82 /* Build configuration list for PBXProject "MyTools" */;
			compatibilityVersion = "Xcode 9.3";
			developmentRegion = en;
			hasScannedForEncodings = 0;
			knownRegions = (
				en,
				Base,
			);
			mainGroup = F78D81BD25B00A1400817D82;
			productRefGroup = F78D81C725B00A1500817D82 /* Products */;
			projectDirPath = "";
			projectRoot = "";
			targets = (
				F78D81C525B00A1500817D82 /* MyTools */,
				F78D81E025B00A2C00817D82 /* MyToolsTests */,
				F78D81EB25B00A2C00817D82 /* MyToolsUITests */,
			);
		};
/* End PBXProject section */

/* Begin PBXResourcesBuildPhase section */
		F78D81C425B00A1500817D82 /* Resources */ = {
			isa = PBXResourcesBuildPhase;
			buildActionMask = 2147483647;
			files = (
			);
			runOnlyForDeploymentPostprocessing = 0;
		};
		F78D81DF25B00A2C00817D82 /* Resources */ = {
			isa = PBXResourcesBuildPhase;
			buildActionMask = 2147483647;
			files = (
			);
			runOnlyForDeploymentPostprocessing = 0;
		};
		F78D81EA25B00A2C00817D82 /* Resources */ = {
			isa = PBXResourcesBuildPhase;
			buildActionMask = 2147483647;
			files = (
			);
			runOnlyForDeploymentPostprocessing = 0;
		};
/* End PBXResourcesBuildPhase section */

/* Begin PBXSourcesBuildPhase section */
		F78D81C225B00A1500817D82 /* Sources */ = {
			isa = PBXSourcesBuildPhase;
			buildActionMask = 2147483647;
			files = (
				F78D81DC25B00A2C00817D82 /* main.m in Sources */,
			);
			runOnlyForDeploymentPostprocessing = 0;
		};
		F78D81DD25B00A2C00817D82 /* Sources */ = {
			isa = PBXSourcesBuildPhase;
			buildActionMask = 2147483647;
			files = (
				F78D81E625B00A2C00817D82 /* MyToolsTests.m in Sources */,
			);
			runOnlyForDeploymentPostprocessing = 0;
		};
		F78D81E825B00A2C00817D82 /* Sources */ = {
			isa = PBXSourcesBuildPhase;
			buildActionMask = 2147483647;
			files = (
				F78D81F125B00A2C00817D82 /* MyToolsUITests.m in Sources */,
			);
			runOnlyForDeploymentPostprocessing = 0;
		};
/* End PBXSourcesBuildPhase section */

/* Begin PBXTargetDependency section */
		F78D81E325B00A2C00817D82 /* PBXTargetDependency */ = {
			isa = PBXTargetDependency;
			target = F78D81C525B00A1500817D82 /* MyTools */;
			targetProxy = F78D81E225B00A2C00817D82 /* PBXContainerItemProxy */;
		};
		F78D81EE25B00A2C00817D82 /* PBXTargetDependency */ = {
			isa = PBXTargetDependency;
			target = F78D81C525B00A1500817D82 /* MyTools */;
			targetProxy = F78D81ED25B00A2C00817D82 /* PBXContainerItemProxy */;
		};
/* End PBXTargetDependency section */

/* Begin XCBuildConfiguration section */
		F78D81F325B00A2C00817D82 /* Debug */ = {
			isa = XCBuildConfiguration;
			buildSettings = {
				ALWAYS_SEARCH_USER_PATHS = NO;
				CLANG_ANALYZER_NONNULL = YES;
				CLANG_ANALYZER_NUMBER_OBJECT_CONVERSION = YES_AGGRESSIVE;
				CLANG_CXX_LANGUAGE_STANDARD = "gnu++14";
				CLANG_CXX_LIBRARY = "libc++";
				CLANG_ENABLE_MODULES = YES;
				CLANG_ENABLE_OBJC_ARC = YES;
				CLANG_ENABLE_OBJC_WEAK = YES;
				CLANG_WARN_BLOCK_CAPTURE_AUTORELEASING = YES;
				CLANG_WARN_BOOL_CONVERSION = YES;
				CLANG_WARN_COMMA = YES;
				CLANG_WARN_CONSTANT_CONVERSION = YES;
				CLANG_WARN_DEPRECATED_OBJC_IMPLEMENTATIONS = YES;
				CLANG_WARN_DIRECT_OBJC_ISA_USAGE = YES_ERROR;
				CLANG_WARN_DOCUMENTATION_COMMENTS = YES;
				CLANG_WARN_EMPTY_BODY = YES;
				CLANG_WARN_ENUM_CONVERSION = YES;
				CLANG_WARN_INFINITE_RECURSION = YES;
				CLANG_WARN_INT_CONVERSION = YES;
				CLANG_WARN_NON_LITERAL_NULL_CONVERSION = YES;
				CLANG_WARN_OBJC_IMPLICIT_RETAIN_SELF = YES;
				CLANG_WARN_OBJC_LITERAL_CONVERSION = YES;
				CLANG_WARN_OBJC_ROOT_CLASS = YES_ERROR;
				CLANG_WARN_QUOTED_INCLUDE_IN_FRAMEWORK_HEADER = YES;
				CLANG_WARN_RANGE_LOOP_ANALYSIS = YES;
				CLANG_WARN_STRICT_PROTOTYPES = YES;
				CLANG_WARN_SUSPICIOUS_MOVE = YES;
				CLANG_WARN_UNGUARDED_AVAILABILITY = YES_AGGRESSIVE;
				CLANG_WARN_UNREACHABLE_CODE = YES;
				CLANG_WARN__DUPLICATE_METHOD_MATCH = YES;
				COPY_PHASE_STRIP = NO;
				DEBUG_INFORMATION_FORMAT = dwarf;
				ENABLE_STRICT_OBJC_MSGSEND = YES;
				ENABLE_TESTABILITY = YES;
				GCC_C_LANGUAGE_STANDARD = gnu11;
				GCC_DYNAMIC_NO_PIC = NO;
				GCC_NO_COMMON_BLOCKS = YES;
				GCC_OPTIMIZATION_LEVEL = 0;
				GCC_PREPROCESSOR_DEFINITIONS = (
					"DEBUG=1",
					"$(inherited)",
				);
				GCC_WARN_64_TO_32_BIT_CONVERSION = YES;
				GCC_WARN_ABOUT_RETURN_TYPE = YES_ERROR;
				GCC_WARN_UNDECLARED_SELECTOR = YES;
				GCC_WARN_UNINITIALIZED_AUTOS = YES_AGGRESSIVE;
				GCC_WARN_UNUSED_FUNCTION = YES;
				GCC_WARN_UNUSED_VARIABLE = YES;
				IPHONEOS_DEPLOYMENT_TARGET = 14.3;
				MTL_ENABLE_DEBUG_INFO = INCLUDE_SOURCE;
				MTL_FAST_MATH = YES;
				ONLY_ACTIVE_ARCH = YES;
				SDKROOT = iphoneos;
			};
			name = Debug;
		};
		F78D81F425B00A2C00817D82 /* Release */ = {
			isa = XCBuildConfiguration;
			buildSettings = {
				ALWAYS_SEARCH_USER_PATHS = NO;
				CLANG_ANALYZER_NONNULL = YES;
				CLANG_ANALYZER_NUMBER_OBJECT_CONVERSION = YES_AGGRESSIVE;
				CLANG_CXX_LANGUAGE_STANDARD = "gnu++14";
				CLANG_CXX_LIBRARY = "libc++";
				CLANG_ENABLE_MODULES = YES;
				CLANG_ENABLE_OBJC_ARC = YES;
				CLANG_ENABLE_OBJC_WEAK = YES;
				CLANG_WARN_BLOCK_CAPTURE_AUTORELEASING = YES;
				CLANG_WARN_BOOL_CONVERSION = YES;
				CLANG_WARN_COMMA = YES;
				CLANG_WARN_CONSTANT_CONVERSION = YES;
				CLANG_WARN_DEPRECATED_OBJC_IMPLEMENTATIONS = YES;
				CLANG_WARN_DIRECT_OBJC_ISA_USAGE = YES_ERROR;
				CLANG_WARN_DOCUMENTATION_COMMENTS = YES;
				CLANG_WARN_EMPTY_BODY = YES;
				CLANG_WARN_ENUM_CONVERSION = YES;
				CLANG_WARN_INFINITE_RECURSION = YES;
				CLANG_WARN_INT_CONVERSION = YES;
				CLANG_WARN_NON_LITERAL_NULL_CONVERSION = YES;
				CLANG_WARN_OBJC_IMPLICIT_RETAIN_SELF = YES;
				CLANG_WARN_OBJC_LITERAL_CONVERSION = YES;
				CLANG_WARN_OBJC_ROOT_CLASS = YES_ERROR;
				CLANG_WARN_QUOTED_INCLUDE_IN_FRAMEWORK_HEADER = YES;
				CLANG_WARN_RANGE_LOOP_ANALYSIS = YES;
				CLANG_WARN_STRICT_PROTOTYPES = YES;
				CLANG_WARN_SUSPICIOUS_MOVE = YES;
				CLANG_WARN_UNGUARDED_AVAILABILITY = YES_AGGRESSIVE;
				CLANG_WARN_UNREACHABLE_CODE = YES;
				CLANG_WARN__DUPLICATE_METHOD_MATCH = YES;
				COPY_PHASE_STRIP = NO;
				DEBUG_INFORMATION_FORMAT = "dwarf-with-dsym";
				ENABLE_NS_ASSERTIONS = NO;
				ENABLE_STRICT_OBJC_MSGSEND = YES;
				GCC_C_LANGUAGE_STANDARD = gnu11;
				GCC_NO_COMMON_BLOCKS = YES;
				GCC_WARN_64_TO_32_BIT_CONVERSION = YES;
				GCC_WARN_ABOUT_RETURN_TYPE = YES_ERROR;
				GCC_WARN_UNDECLARED_SELECTOR = YES;
				GCC_WARN_UNINITIALIZED_AUTOS = YES_AGGRESSIVE;
				GCC_WARN_UNUSED_FUNCTION = YES;
				GCC_WARN_UNUSED_VARIABLE = YES;
				IPHONEOS_DEPLOYMENT_TARGET = 14.3;
				MTL_ENABLE_DEBUG_INFO = NO;
				MTL_FAST_MATH = YES;
				SDKROOT = iphoneos;
				VALIDATE_PRODUCT = YES;
			};
			name = Release;
		};
		F78D81F625B00A2C00817D82 /* Debug */ = {
			isa = XCBuildConfiguration;
			buildSettings = {
				ASSETCATALOG_COMPILER_APPICON_NAME = AppIcon;
				ASSETCATALOG_COMPILER_GLOBAL_ACCENT_COLOR_NAME = AccentColor;
				CODE_SIGN_STYLE = Automatic;
				DEVELOPMENT_TEAM = CLBKDDGND2;
				INFOPLIST_FILE = MyTools/Info.plist;
				LD_RUNPATH_SEARCH_PATHS = (
					"$(inherited)",
					"@executable_path/Frameworks",
				);
				PRODUCT_BUNDLE_IDENTIFIER = com.harwin.MyTools;
				PRODUCT_NAME = "$(TARGET_NAME)";
				TARGETED_DEVICE_FAMILY = "1,2";
			};
			name = Debug;
		};
		F78D81F725B00A2C00817D82 /* Release */ = {
			isa = XCBuildConfiguration;
			buildSettings = {
				ASSETCATALOG_COMPILER_APPICON_NAME = AppIcon;
				ASSETCATALOG_COMPILER_GLOBAL_ACCENT_COLOR_NAME = AccentColor;
				CODE_SIGN_STYLE = Automatic;
				DEVELOPMENT_TEAM = CLBKDDGND2;
				INFOPLIST_FILE = MyTools/Info.plist;
				LD_RUNPATH_SEARCH_PATHS = (
					"$(inherited)",
					"@executable_path/Frameworks",
				);
				PRODUCT_BUNDLE_IDENTIFIER = com.harwin.MyTools;
				PRODUCT_NAME = "$(TARGET_NAME)";
				TARGETED_DEVICE_FAMILY = "1,2";
			};
			name = Release;
		};
		F78D81F925B00A2C00817D82 /* Debug */ = {
			isa = XCBuildConfiguration;
			buildSettings = {
				BUNDLE_LOADER = "$(TEST_HOST)";
				CODE_SIGN_STYLE = Automatic;
				DEVELOPMENT_TEAM = CLBKDDGND2;
				INFOPLIST_FILE = MyToolsTests/Info.plist;
				IPHONEOS_DEPLOYMENT_TARGET = 14.3;
				LD_RUNPATH_SEARCH_PATHS = (
					"$(inherited)",
					"@executable_path/Frameworks",
					"@loader_path/Frameworks",
				);
				PRODUCT_BUNDLE_IDENTIFIER = com.harwin.MyToolsTests;
				PRODUCT_NAME = "$(TARGET_NAME)";
				TARGETED_DEVICE_FAMILY = "1,2";
				TEST_HOST = "$(BUILT_PRODUCTS_DIR)/MyTools.app/MyTools";
			};
			name = Debug;
		};
		F78D81FA25B00A2C00817D82 /* Release */ = {
			isa = XCBuildConfiguration;
			buildSettings = {
				BUNDLE_LOADER = "$(TEST_HOST)";
				CODE_SIGN_STYLE = Automatic;
				DEVELOPMENT_TEAM = CLBKDDGND2;
				INFOPLIST_FILE = MyToolsTests/Info.plist;
				IPHONEOS_DEPLOYMENT_TARGET = 14.3;
				LD_RUNPATH_SEARCH_PATHS = (
					"$(inherited)",
					"@executable_path/Frameworks",
					"@loader_path/Frameworks",
				);
				PRODUCT_BUNDLE_IDENTIFIER = com.harwin.MyToolsTests;
				PRODUCT_NAME = "$(TARGET_NAME)";
				TARGETED_DEVICE_FAMILY = "1,2";
				TEST_HOST = "$(BUILT_PRODUCTS_DIR)/MyTools.app/MyTools";
			};
			name = Release;
		};
		F78D81FC25B00A2C00817D82 /* Debug */ = {
			isa = XCBuildConfiguration;
			buildSettings = {
				CODE_SIGN_STYLE = Automatic;
				DEVELOPMENT_TEAM = CLBKDDGND2;
				INFOPLIST_FILE = MyToolsUITests/Info.plist;
				LD_RUNPATH_SEARCH_PATHS = (
					"$(inherited)",
					"@executable_path/Frameworks",
					"@loader_path/Frameworks",
				);
				PRODUCT_BUNDLE_IDENTIFIER = com.harwin.MyToolsUITests;
				PRODUCT_NAME = "$(TARGET_NAME)";
				TARGETED_DEVICE_FAMILY = "1,2";
				TEST_TARGET_NAME = MyTools;
			};
			name = Debug;
		};
		F78D81FD25B00A2C00817D82 /* Release */ = {
			isa = XCBuildConfiguration;
			buildSettings = {
				CODE_SIGN_STYLE = Automatic;
				DEVELOPMENT_TEAM = CLBKDDGND2;
				INFOPLIST_FILE = MyToolsUITests/Info.plist;
				LD_RUNPATH_SEARCH_PATHS = (
					"$(inherited)",
					"@executable_path/Frameworks",
					"@loader_path/Frameworks",
				);
				PRODUCT_BUNDLE_IDENTIFIER = com.harwin.MyToolsUITests;
				PRODUCT_NAME = "$(TARGET_NAME)";
				TARGETED_DEVICE_FAMILY = "1,2";
				TEST_TARGET_NAME = MyTools;
			};
			name = Release;
		};
/* End XCBuildConfiguration section */

/* Begin XCConfigurationList section */
		F78D81C125B00A1400817D82 /* Build configuration list for PBXProject "MyTools" */ = {
			isa = XCConfigurationList;
			buildConfigurations = (
				F78D81F325B00A2C00817D82 /* Debug */,
				F78D81F425B00A2C00817D82 /* Release */,
			);
			defaultConfigurationIsVisible = 0;
			defaultConfigurationName = Release;
		};
		F78D81F525B00A2C00817D82 /* Build configuration list for PBXNativeTarget "MyTools" */ = {
			isa = XCConfigurationList;
			buildConfigurations = (
				F78D81F625B00A2C00817D82 /* Debug */,
				F78D81F725B00A2C00817D82 /* Release */,
			);
			defaultConfigurationIsVisible = 0;
			defaultConfigurationName = Release;
		};
		F78D81F825B00A2C00817D82 /* Build configuration list for PBXNativeTarget "MyToolsTests" */ = {
			isa = XCConfigurationList;
			buildConfigurations = (
				F78D81F925B00A2C00817D82 /* Debug */,
				F78D81FA25B00A2C00817D82 /* Release */,
			);
			defaultConfigurationIsVisible = 0;
			defaultConfigurationName = Release;
		};
		F78D81FB25B00A2C00817D82 /* Build configuration list for PBXNativeTarget "MyToolsUITests" */ = {
			isa = XCConfigurationList;
			buildConfigurations = (
				F78D81FC25B00A2C00817D82 /* Debug */,
				F78D81FD25B00A2C00817D82 /* Release */,
			);
			defaultConfigurationIsVisible = 0;
			defaultConfigurationName = Release;
		};
/* End XCConfigurationList section */
	};
	rootObject = F78D81BE25B00A1400817D82 /* Project object */;
}
